<?xml version="1.0" encoding="utf-8"?>
<Project ToolsVersion="4.0" xmlns="http://schemas.microsoft.com/developer/msbuild/2003">
  <ItemGroup>
    <Filter Include="Source Files">
      <UniqueIdentifier>{4FC737F1-C7A5-4376-A066-2A32D752A2FF}</UniqueIdentifier>
      <Extensions>qml;cpp;c;cc;cxx;def;odl;idl;hpj;bat;asm;asmx</Extensions>
    </Filter>
    <Filter Include="Header Files">
      <UniqueIdentifier>{93995380-89BD-4b04-88EB-625FBE52EBFB}</UniqueIdentifier>
      <Extensions>h;hh;hpp;hxx;hm;inl;inc;xsd</Extensions>
    </Filter>
    <Filter Include="Resource Files">
      <UniqueIdentifier>{67DA6AB6-F800-4c08-8B7A-83BB121AAD01}</UniqueIdentifier>
      <Extensions>qrc;rc;ico;cur;bmp;dlg;rc2;rct;bin;rgs;gif;jpg;jpeg;jpe;resx;tiff;tif;png;wav;mfcribbon-ms</Extensions>
    </Filter>
    <Filter Include="Form Files">
      <UniqueIdentifier>{99349809-55BA-4b9d-BF79-8FDBB0286EB3}</UniqueIdentifier>
      <Extensions>ui</Extensions>
    </Filter>
    <Filter Include="Translation Files">
      <UniqueIdentifier>{639EADAA-A684-42e4-A9AD-28FC9BCB8F7C}</UniqueIdentifier>
      <Extensions>ts</Extensions>
    </Filter>
    <Filter Include="Header Files\Editor">
      <UniqueIdentifier>{a7907eb4-582d-408c-bf35-11a627fac1ac}</UniqueIdentifier>
    </Filter>
    <Filter Include="Source Files\Editor">
      <UniqueIdentifier>{a3835b97-be52-49a2-8109-931983088176}</UniqueIdentifier>
    </Filter>
    <Filter Include="Header Files\Map">
      <UniqueIdentifier>{4c31611b-5ac6-4b4b-866b-4a260b5d08c4}</UniqueIdentifier>
    </Filter>
    <Filter Include="Source Files\Map">
      <UniqueIdentifier>{893704ad-933a-4362-965d-6e665762d34b}</UniqueIdentifier>
    </Filter>
    <Filter Include="Form Files\Editor">
      <UniqueIdentifier>{cc85dbd4-bd9e-4feb-bb51-e1c9f517fa77}</UniqueIdentifier>
    </Filter>
    <Filter Include="Source Files\Item">
      <UniqueIdentifier>{a3d9be4c-7fe7-4d17-8b9f-9d8c6d9047d6}</UniqueIdentifier>
    </Filter>
    <Filter Include="Header Files\Item">
      <UniqueIdentifier>{822c77ca-acde-4372-9427-5826010864d9}</UniqueIdentifier>
    </Filter>
  </ItemGroup>
  <ItemGroup>
    <QtRcc Include="MapAndCampaignEditor.qrc">
      <Filter>Resource Files</Filter>
    </QtRcc>
  </ItemGroup>
  <ItemGroup>
    <ClCompile Include="main.cpp">
      <Filter>Source Files</Filter>
    </ClCompile>
    <ClCompile Include="Campaign.cpp">
      <Filter>Source Files</Filter>
    </ClCompile>
    <ClCompile Include="MapCell.cpp">
      <Filter>Source Files\Map</Filter>
    </ClCompile>
    <ClCompile Include="GameMap.cpp">
      <Filter>Source Files\Map</Filter>
    </ClCompile>
    <ClCompile Include="mainmenu.cpp">
      <Filter>Source Files</Filter>
    </ClCompile>
    <ClCompile Include="mainwindow.cpp">
      <Filter>Source Files</Filter>
    </ClCompile>
    <ClCompile Include="CampaignEditor.cpp">
      <Filter>Source Files\Editor</Filter>
    </ClCompile>
    <ClCompile Include="MapEditor.cpp">
      <Filter>Source Files\Editor</Filter>
    </ClCompile>
    <ClCompile Include="gamemapwidget.cpp">
      <Filter>Source Files\Map</Filter>
    </ClCompile>
    <ClCompile Include="Helmet.cpp">
      <Filter>Source Files</Filter>
    </ClCompile>
    <ClCompile Include="Armor.cpp">
      <Filter>Source Files\Item</Filter>
    </ClCompile>
    <ClCompile Include="Belt.cpp">
      <Filter>Source Files\Item</Filter>
    </ClCompile>
    <ClCompile Include="Boots.cpp">
      <Filter>Source Files\Item</Filter>
    </ClCompile>
    <ClCompile Include="Item.cpp">
      <Filter>Source Files\Item</Filter>
    </ClCompile>
    <ClCompile Include="ItemContainer.cpp">
      <Filter>Source Files\Item</Filter>
    </ClCompile>
    <ClCompile Include="Ring.cpp">
      <Filter>Source Files\Item</Filter>
    </ClCompile>
    <ClCompile Include="Shield.cpp">
      <Filter>Source Files\Item</Filter>
    </ClCompile>
    <ClCompile Include="Weapon.cpp">
      <Filter>Source Files\Item</Filter>
    </ClCompile>
    <ClCompile Include="Character.cpp">
      <Filter>Source Files</Filter>
    </ClCompile>
    <ClCompile Include="CharacterDetailsWidget.cpp">
      <Filter>Source Files</Filter>
    </ClCompile>
    <ClCompile Include="CharacterSaveAndLoad.cpp">
      <Filter>Source Files</Filter>
    </ClCompile>
    <ClCompile Include="Enemy.cpp">
      <Filter>Source Files</Filter>
    </ClCompile>
    <ClCompile Include="ItemSaveAndLoad.cpp">
      <Filter>Source Files</Filter>
    </ClCompile>
    <ClCompile Include="gameControl.cpp">
      <Filter>Source Files</Filter>
    </ClCompile>
    <ClCompile Include="Dice.cpp">
      <Filter>Source Files</Filter>
    </ClCompile>
    <ClCompile Include="itemDisplay.cpp">
      <Filter>Source Files\Item</Filter>
    </ClCompile>
    <ClCompile Include="CampaignSelection.cpp">
      <Filter>Source Files</Filter>
    </ClCompile>
    <ClCompile Include="CharacterEditor.cpp">
      <Filter>Source Files</Filter>
    </ClCompile>
    <ClCompile Include="CharacterSelection.cpp">
      <Filter>Source Files</Filter>
    </ClCompile>
    <ClCompile Include="ItemEditor.cpp">
      <Filter>Source Files</Filter>
    </ClCompile>
  </ItemGroup>
  <ItemGroup>
    <ClInclude Include="Campaign.h">
      <Filter>Header Files</Filter>
    </ClInclude>
    <ClInclude Include="MapCell.hpp">
      <Filter>Header Files\Map</Filter>
    </ClInclude>
    <ClInclude Include="GameMap.hpp">
      <Filter>Header Files\Map</Filter>
    </ClInclude>
    <ClInclude Include="Armor.hpp">
      <Filter>Header Files\Item</Filter>
    </ClInclude>
    <ClInclude Include="Belt.hpp">
      <Filter>Header Files\Item</Filter>
    </ClInclude>
    <ClInclude Include="Boots.hpp">
      <Filter>Header Files\Item</Filter>
    </ClInclude>
    <ClInclude Include="Helmet.hpp">
      <Filter>Header Files\Item</Filter>
    </ClInclude>
    <ClInclude Include="Item.hpp">
      <Filter>Header Files\Item</Filter>
    </ClInclude>
    <ClInclude Include="Ring.hpp">
      <Filter>Header Files\Item</Filter>
    </ClInclude>
    <ClInclude Include="Shield.hpp">
      <Filter>Header Files\Item</Filter>
    </ClInclude>
    <ClInclude Include="Weapon.hpp">
      <Filter>Header Files\Item</Filter>
    </ClInclude>
    <ClInclude Include="ItemContainer.hpp">
      <Filter>Header Files\Item</Filter>
    </ClInclude>
    <ClInclude Include="Character.hpp">
      <Filter>Header Files</Filter>
    </ClInclude>
    <ClInclude Include="CharacterSaveAndLoad.h">
      <Filter>Header Files</Filter>
    </ClInclude>
    <ClInclude Include="Enemy.hpp">
      <Filter>Header Files</Filter>
    </ClInclude>
    <ClInclude Include="ItemSaveAndLoad.h">
      <Filter>Header Files</Filter>
    </ClInclude>
    <ClInclude Include="Dice.h">
      <Filter>Header Files</Filter>
    </ClInclude>
    <ClInclude Include="MapObserver.hpp">
      <Filter>Header Files</Filter>
    </ClInclude>
  </ItemGroup>
  <ItemGroup>
    <QtMoc Include="mainmenu.h">
      <Filter>Header Files</Filter>
    </QtMoc>
    <QtMoc Include="mainwindow.h">
      <Filter>Header Files</Filter>
    </QtMoc>
    <QtMoc Include="CampaignEditor.h">
      <Filter>Header Files\Editor</Filter>
    </QtMoc>
    <QtMoc Include="MapEditor.h">
      <Filter>Header Files\Editor</Filter>
    </QtMoc>
    <QtMoc Include="gamemapwidget.h">
      <Filter>Header Files\Map</Filter>
    </QtMoc>
    <QtMoc Include="CharacterDetailsWidget.hpp">
      <Filter>Header Files</Filter>
    </QtMoc>
    <QtMoc Include="itemDisplay.hpp">
      <Filter>Header Files</Filter>
    </QtMoc>
    <QtMoc Include="CampaignSelection.h">
      <Filter>Header Files</Filter>
    </QtMoc>
    <QtMoc Include="CharacterEditor.h">
      <Filter>Header Files</Filter>
    </QtMoc>
    <QtMoc Include="CharacterSelection.h">
      <Filter>Header Files</Filter>
    </QtMoc>
    <QtMoc Include="ItemEditor.h">
      <Filter>Header Files</Filter>
    </QtMoc>
    <QtMoc Include="GameController.hpp">
      <Filter>Header Files</Filter>
    </QtMoc>
  </ItemGroup>
  <ItemGroup>
    <QtUic Include="mainwindow.ui">
      <Filter>Form Files</Filter>
    </QtUic>
    <QtUic Include="CampaignEditor.ui">
      <Filter>Form Files\Editor</Filter>
    </QtUic>
    <QtUic Include="CharacterEditor.ui">
      <Filter>Form Files\Editor</Filter>
    </QtUic>
    <QtUic Include="MapEditor.ui">
      <Filter>Form Files\Editor</Filter>
    </QtUic>
    <QtUic Include="CampaignSelection.ui">
      <Filter>Form Files</Filter>
    </QtUic>
    <QtUic Include="CharacterSelection.ui">
      <Filter>Form Files</Filter>
    </QtUic>
    <QtUic Include="ItemEditor.ui">
      <Filter>Form Files</Filter>
    </QtUic>
  </ItemGroup>
  <ItemGroup>
    <Image Include="images\character.png">
      <Filter>Resource Files</Filter>
    </Image>
    <Image Include="images\chest.png">
      <Filter>Resource Files</Filter>
    </Image>
    <Image Include="images\ground.jpg">
      <Filter>Resource Files</Filter>
    </Image>
    <Image Include="images\wall.jpg">
      <Filter>Resource Files</Filter>
    </Image>
  </ItemGroup>
</Project>